
Microsoft Visual Studio Solution File, Format Version 12.00
# Visual Studio Version 17
VisualStudioVersion = 17.14.36623.8 d17.14
MinimumVisualStudioVersion = 10.0.40219.1
Project("{FAE04EC0-301F-11D3-BF4B-00C04F79EFBC}") = "Law and Order", "Law and Order\Law and Order.csproj", "{5E5AC0F6-8C98-4E7D-A962-1560179F4218}"
EndProject
Global
	GlobalSection(SolutionConfigurationPlatforms) = preSolution
		Debug|Any CPU = Debug|Any CPU
		Release|Any CPU = Release|Any CPU
	EndGlobalSection
	GlobalSection(ProjectConfigurationPlatforms) = postSolution
		{5E5AC0F6-8C98-4E7D-A962-1560179F4218}.Debug|Any CPU.ActiveCfg = Debug|Any CPU
		{5E5AC0F6-8C98-4E7D-A962-1560179F4218}.Debug|Any CPU.Build.0 = Debug|Any CPU
		{5E5AC0F6-8C98-4E7D-A962-1560179F4218}.Release|Any CPU.ActiveCfg = Release|Any CPU
		{5E5AC0F6-8C98-4E7D-A962-1560179F4218}.Release|Any CPU.Build.0 = Release|Any CPU
	EndGlobalSection
	GlobalSection(SolutionProperties) = preSolution
		HideSolutionNode = FALSE
	EndGlobalSection
	GlobalSection(ExtensibilityGlobals) = postSolution
		SolutionGuid = {910435DC-EB8B-421D-A542-93B7F5541924}
	EndGlobalSection
EndGlobal
